
Microsoft Visual Studio Solution File, Format Version 12.00
# Visual Studio Version 17
VisualStudioVersion = 17.2.32519.379
MinimumVisualStudioVersion = 10.0.40219.1
Project("{2150E333-8FDC-42A3-9474-1A3956D46DE8}") = "src", "src", "{99DE25E6-E485-43F4-B6AB-D7168EE44C10}"
EndProject
Project("{9A19103F-16F7-4668-BE54-9A1E7A4F7556}") = "Domain", "src\Domain\Domain.csproj", "{A595CBF8-76E6-40A0-A1B6-5ED464CE64DE}"
EndProject
Global
	GlobalSection(SolutionConfigurationPlatforms) = preSolution
		Debug|Any CPU = Debug|Any CPU
		Release|Any CPU = Release|Any CPU
	EndGlobalSection
	GlobalSection(ProjectConfigurationPlatforms) = postSolution
		{A595CBF8-76E6-40A0-A1B6-5ED464CE64DE}.Debug|Any CPU.ActiveCfg = Debug|Any CPU
		{A595CBF8-76E6-40A0-A1B6-5ED464CE64DE}.Debug|Any CPU.Build.0 = Debug|Any CPU
		{A595CBF8-76E6-40A0-A1B6-5ED464CE64DE}.Release|Any CPU.ActiveCfg = Release|Any CPU
		{A595CBF8-76E6-40A0-A1B6-5ED464CE64DE}.Release|Any CPU.Build.0 = Release|Any CPU
	EndGlobalSection
	GlobalSection(SolutionProperties) = preSolution
		HideSolutionNode = FALSE
	EndGlobalSection
	GlobalSection(NestedProjects) = preSolution
		{A595CBF8-76E6-40A0-A1B6-5ED464CE64DE} = {99DE25E6-E485-43F4-B6AB-D7168EE44C10}
	EndGlobalSection
	GlobalSection(ExtensibilityGlobals) = postSolution
		SolutionGuid = {0E067531-A9BF-4432-9FFE-7540457A8465}
	EndGlobalSection
EndGlobal
